
Microsoft Visual Studio Solution File, Format Version 12.00
# Visual Studio 15
VisualStudioVersion = 15.0.28307.421
MinimumVisualStudioVersion = 10.0.40219.1
Project("{FAE04EC0-301F-11D3-BF4B-00C04F79EFBC}") = "Tiva Flasher", "Tiva Flasher\Tiva Flasher.csproj", "{0D7E8085-449D-4316-8A3B-7C10916370DD}"
EndProject
Global
	GlobalSection(SolutionConfigurationPlatforms) = preSolution
		Debug|Any CPU = Debug|Any CPU
		Release|Any CPU = Release|Any CPU
	EndGlobalSection
	GlobalSection(ProjectConfigurationPlatforms) = postSolution
		{0D7E8085-449D-4316-8A3B-7C10916370DD}.Debug|Any CPU.ActiveCfg = Debug|Any CPU
		{0D7E8085-449D-4316-8A3B-7C10916370DD}.Debug|Any CPU.Build.0 = Debug|Any CPU
		{0D7E8085-449D-4316-8A3B-7C10916370DD}.Release|Any CPU.ActiveCfg = Release|Any CPU
		{0D7E8085-449D-4316-8A3B-7C10916370DD}.Release|Any CPU.Build.0 = Release|Any CPU
	EndGlobalSection
	GlobalSection(SolutionProperties) = preSolution
		HideSolutionNode = FALSE
	EndGlobalSection
	GlobalSection(ExtensibilityGlobals) = postSolution
		SolutionGuid = {50A39903-B625-43D1-8BB7-1CC88A297F47}
	EndGlobalSection
EndGlobal
